
Microsoft Visual Studio Solution File, Format Version 12.00
# Visual Studio Version 17
VisualStudioVersion = 17.2.32516.85
MinimumVisualStudioVersion = 10.0.40219.1
Project("{9A19103F-16F7-4668-BE54-9A1E7A4F7556}") = "PruebaSelenium", "PruebaScrap\PruebaSelenium.csproj", "{2E662999-A2C9-46E5-A304-D7CD32EACFB3}"
EndProject
Global
	GlobalSection(SolutionConfigurationPlatforms) = preSolution
		Debug|Any CPU = Debug|Any CPU
		Release|Any CPU = Release|Any CPU
	EndGlobalSection
	GlobalSection(ProjectConfigurationPlatforms) = postSolution
		{2E662999-A2C9-46E5-A304-D7CD32EACFB3}.Debug|Any CPU.ActiveCfg = Debug|Any CPU
		{2E662999-A2C9-46E5-A304-D7CD32EACFB3}.Debug|Any CPU.Build.0 = Debug|Any CPU
		{2E662999-A2C9-46E5-A304-D7CD32EACFB3}.Release|Any CPU.ActiveCfg = Release|Any CPU
		{2E662999-A2C9-46E5-A304-D7CD32EACFB3}.Release|Any CPU.Build.0 = Release|Any CPU
	EndGlobalSection
	GlobalSection(SolutionProperties) = preSolution
		HideSolutionNode = FALSE
	EndGlobalSection
	GlobalSection(ExtensibilityGlobals) = postSolution
		SolutionGuid = {65220D9C-5689-4473-9A66-392E32917095}
	EndGlobalSection
EndGlobal
